
Microsoft Visual Studio Solution File, Format Version 12.00
# Visual Studio Version 17
VisualStudioVersion = 17.9.34723.18
MinimumVisualStudioVersion = 10.0.40219.1
Project("{FAE04EC0-301F-11D3-BF4B-00C04F79EFBC}") = "PetShop", "PetShop\PetShop.csproj", "{6F7B4FC8-DA40-4357-994F-E36F0E3CB9BB}"
EndProject
Global
	GlobalSection(SolutionConfigurationPlatforms) = preSolution
		Debug|Any CPU = Debug|Any CPU
		Release|Any CPU = Release|Any CPU
	EndGlobalSection
	GlobalSection(ProjectConfigurationPlatforms) = postSolution
		{6F7B4FC8-DA40-4357-994F-E36F0E3CB9BB}.Debug|Any CPU.ActiveCfg = Debug|Any CPU
		{6F7B4FC8-DA40-4357-994F-E36F0E3CB9BB}.Debug|Any CPU.Build.0 = Debug|Any CPU
		{6F7B4FC8-DA40-4357-994F-E36F0E3CB9BB}.Release|Any CPU.ActiveCfg = Release|Any CPU
		{6F7B4FC8-DA40-4357-994F-E36F0E3CB9BB}.Release|Any CPU.Build.0 = Release|Any CPU
	EndGlobalSection
	GlobalSection(SolutionProperties) = preSolution
		HideSolutionNode = FALSE
	EndGlobalSection
	GlobalSection(ExtensibilityGlobals) = postSolution
		SolutionGuid = {7BEE5273-8F77-49A8-854F-A57B1CB307A9}
	EndGlobalSection
EndGlobal
