
Microsoft Visual Studio Solution File, Format Version 12.00
# Visual Studio Version 17
VisualStudioVersion = 17.9.34622.214
MinimumVisualStudioVersion = 10.0.40219.1
Project("{FAE04EC0-301F-11D3-BF4B-00C04F79EFBC}") = "GitAndVcs", "GitAndVcs\GitAndVcs.csproj", "{44CDE835-E66F-4027-8525-A6CAFDE13AD5}"
EndProject
Global
	GlobalSection(SolutionConfigurationPlatforms) = preSolution
		Debug|Any CPU = Debug|Any CPU
		Release|Any CPU = Release|Any CPU
	EndGlobalSection
	GlobalSection(ProjectConfigurationPlatforms) = postSolution
		{44CDE835-E66F-4027-8525-A6CAFDE13AD5}.Debug|Any CPU.ActiveCfg = Debug|Any CPU
		{44CDE835-E66F-4027-8525-A6CAFDE13AD5}.Debug|Any CPU.Build.0 = Debug|Any CPU
		{44CDE835-E66F-4027-8525-A6CAFDE13AD5}.Release|Any CPU.ActiveCfg = Release|Any CPU
		{44CDE835-E66F-4027-8525-A6CAFDE13AD5}.Release|Any CPU.Build.0 = Release|Any CPU
	EndGlobalSection
	GlobalSection(SolutionProperties) = preSolution
		HideSolutionNode = FALSE
	EndGlobalSection
	GlobalSection(ExtensibilityGlobals) = postSolution
		SolutionGuid = {63B177CE-66F8-4F43-831C-4D08D0907209}
	EndGlobalSection
EndGlobal
