
Microsoft Visual Studio Solution File, Format Version 12.00
# Visual Studio Version 17
VisualStudioVersion = 17.9.34701.34
MinimumVisualStudioVersion = 10.0.40219.1
Project("{FAE04EC0-301F-11D3-BF4B-00C04F79EFBC}") = "DebuggingAndExceptions", "DebuggingAndExceptions\DebuggingAndExceptions.csproj", "{9EA40A57-484C-4ED6-AAD4-0F808F1390CD}"
EndProject
Global
	GlobalSection(SolutionConfigurationPlatforms) = preSolution
		Debug|Any CPU = Debug|Any CPU
		Release|Any CPU = Release|Any CPU
	EndGlobalSection
	GlobalSection(ProjectConfigurationPlatforms) = postSolution
		{9EA40A57-484C-4ED6-AAD4-0F808F1390CD}.Debug|Any CPU.ActiveCfg = Debug|Any CPU
		{9EA40A57-484C-4ED6-AAD4-0F808F1390CD}.Debug|Any CPU.Build.0 = Debug|Any CPU
		{9EA40A57-484C-4ED6-AAD4-0F808F1390CD}.Release|Any CPU.ActiveCfg = Release|Any CPU
		{9EA40A57-484C-4ED6-AAD4-0F808F1390CD}.Release|Any CPU.Build.0 = Release|Any CPU
	EndGlobalSection
	GlobalSection(SolutionProperties) = preSolution
		HideSolutionNode = FALSE
	EndGlobalSection
	GlobalSection(ExtensibilityGlobals) = postSolution
		SolutionGuid = {BF81A73C-6DAF-444F-A857-43339AC0163C}
	EndGlobalSection
EndGlobal
