
Microsoft Visual Studio Solution File, Format Version 12.00
# Visual Studio Version 17
VisualStudioVersion = 17.9.34622.214
MinimumVisualStudioVersion = 10.0.40219.1
Project("{FAE04EC0-301F-11D3-BF4B-00C04F79EFBC}") = "TheBestOfMe", "TheBestOfMe\TheBestOfMe.csproj", "{15532575-F2D6-41E0-9446-B10E8E23DFB5}"
EndProject
Global
	GlobalSection(SolutionConfigurationPlatforms) = preSolution
		Debug|Any CPU = Debug|Any CPU
		Release|Any CPU = Release|Any CPU
	EndGlobalSection
	GlobalSection(ProjectConfigurationPlatforms) = postSolution
		{15532575-F2D6-41E0-9446-B10E8E23DFB5}.Debug|Any CPU.ActiveCfg = Debug|Any CPU
		{15532575-F2D6-41E0-9446-B10E8E23DFB5}.Debug|Any CPU.Build.0 = Debug|Any CPU
		{15532575-F2D6-41E0-9446-B10E8E23DFB5}.Release|Any CPU.ActiveCfg = Release|Any CPU
		{15532575-F2D6-41E0-9446-B10E8E23DFB5}.Release|Any CPU.Build.0 = Release|Any CPU
	EndGlobalSection
	GlobalSection(SolutionProperties) = preSolution
		HideSolutionNode = FALSE
	EndGlobalSection
	GlobalSection(ExtensibilityGlobals) = postSolution
		SolutionGuid = {8917A6FE-3CBB-4C2B-B0A6-A10900E16462}
	EndGlobalSection
EndGlobal
