
Microsoft Visual Studio Solution File, Format Version 12.00
# Visual Studio Version 17
VisualStudioVersion = 17.9.34701.34
MinimumVisualStudioVersion = 10.0.40219.1
Project("{FAE04EC0-301F-11D3-BF4B-00C04F79EFBC}") = "LINQAdvanced", "LINQAdvanced\LINQAdvanced.csproj", "{36E010BA-6CD5-4005-940A-EDE9EF196443}"
EndProject
Global
	GlobalSection(SolutionConfigurationPlatforms) = preSolution
		Debug|Any CPU = Debug|Any CPU
		Release|Any CPU = Release|Any CPU
	EndGlobalSection
	GlobalSection(ProjectConfigurationPlatforms) = postSolution
		{36E010BA-6CD5-4005-940A-EDE9EF196443}.Debug|Any CPU.ActiveCfg = Debug|Any CPU
		{36E010BA-6CD5-4005-940A-EDE9EF196443}.Debug|Any CPU.Build.0 = Debug|Any CPU
		{36E010BA-6CD5-4005-940A-EDE9EF196443}.Release|Any CPU.ActiveCfg = Release|Any CPU
		{36E010BA-6CD5-4005-940A-EDE9EF196443}.Release|Any CPU.Build.0 = Release|Any CPU
	EndGlobalSection
	GlobalSection(SolutionProperties) = preSolution
		HideSolutionNode = FALSE
	EndGlobalSection
	GlobalSection(ExtensibilityGlobals) = postSolution
		SolutionGuid = {A7897544-F8AC-435C-9D21-3F8EF3F72C4A}
	EndGlobalSection
EndGlobal
