
Microsoft Visual Studio Solution File, Format Version 12.00
# Visual Studio Version 17
VisualStudioVersion = 17.9.34723.18
MinimumVisualStudioVersion = 10.0.40219.1
Project("{9A19103F-16F7-4668-BE54-9A1E7A4F7556}") = "StructuralDesignPatterns", "StructuralDesignPatterns\StructuralDesignPatterns.csproj", "{4EB8F5BB-9B0F-4DB4-9F30-7124936A8122}"
EndProject
Project("{9A19103F-16F7-4668-BE54-9A1E7A4F7556}") = "StructuralDesignPatternsTests", "StructuralDesignPatternsTests\StructuralDesignPatternsTests.csproj", "{C323C31E-C533-4925-8CE4-6E8D6A15C03C}"
EndProject
Global
	GlobalSection(SolutionConfigurationPlatforms) = preSolution
		Debug|Any CPU = Debug|Any CPU
		Release|Any CPU = Release|Any CPU
	EndGlobalSection
	GlobalSection(ProjectConfigurationPlatforms) = postSolution
		{4EB8F5BB-9B0F-4DB4-9F30-7124936A8122}.Debug|Any CPU.ActiveCfg = Debug|Any CPU
		{4EB8F5BB-9B0F-4DB4-9F30-7124936A8122}.Debug|Any CPU.Build.0 = Debug|Any CPU
		{4EB8F5BB-9B0F-4DB4-9F30-7124936A8122}.Release|Any CPU.ActiveCfg = Release|Any CPU
		{4EB8F5BB-9B0F-4DB4-9F30-7124936A8122}.Release|Any CPU.Build.0 = Release|Any CPU
		{C323C31E-C533-4925-8CE4-6E8D6A15C03C}.Debug|Any CPU.ActiveCfg = Debug|Any CPU
		{C323C31E-C533-4925-8CE4-6E8D6A15C03C}.Debug|Any CPU.Build.0 = Debug|Any CPU
		{C323C31E-C533-4925-8CE4-6E8D6A15C03C}.Release|Any CPU.ActiveCfg = Release|Any CPU
		{C323C31E-C533-4925-8CE4-6E8D6A15C03C}.Release|Any CPU.Build.0 = Release|Any CPU
	EndGlobalSection
	GlobalSection(SolutionProperties) = preSolution
		HideSolutionNode = FALSE
	EndGlobalSection
	GlobalSection(ExtensibilityGlobals) = postSolution
		SolutionGuid = {EAD1C569-6D95-4F7D-9FD1-8119D9FFA280}
	EndGlobalSection
EndGlobal
