
Microsoft Visual Studio Solution File, Format Version 12.00
# Visual Studio Version 17
VisualStudioVersion = 17.9.34622.214
MinimumVisualStudioVersion = 10.0.40219.1
Project("{FAE04EC0-301F-11D3-BF4B-00C04F79EFBC}") = "CSharpClasses", "CSharpClasses\CSharpClasses.csproj", "{6AD49FCB-6A80-40D9-8C39-A7E995F4269C}"
EndProject
Global
	GlobalSection(SolutionConfigurationPlatforms) = preSolution
		Debug|Any CPU = Debug|Any CPU
		Release|Any CPU = Release|Any CPU
	EndGlobalSection
	GlobalSection(ProjectConfigurationPlatforms) = postSolution
		{6AD49FCB-6A80-40D9-8C39-A7E995F4269C}.Debug|Any CPU.ActiveCfg = Debug|Any CPU
		{6AD49FCB-6A80-40D9-8C39-A7E995F4269C}.Debug|Any CPU.Build.0 = Debug|Any CPU
		{6AD49FCB-6A80-40D9-8C39-A7E995F4269C}.Release|Any CPU.ActiveCfg = Release|Any CPU
		{6AD49FCB-6A80-40D9-8C39-A7E995F4269C}.Release|Any CPU.Build.0 = Release|Any CPU
	EndGlobalSection
	GlobalSection(SolutionProperties) = preSolution
		HideSolutionNode = FALSE
	EndGlobalSection
	GlobalSection(ExtensibilityGlobals) = postSolution
		SolutionGuid = {3F2E8AE3-AC90-4AA5-AD6F-B17284CF3844}
	EndGlobalSection
EndGlobal
